
Microsoft Visual Studio Solution File, Format Version 12.00
# Visual Studio Version 17
VisualStudioVersion = 17.3.32929.385
MinimumVisualStudioVersion = 10.0.40219.1
Project("{FAE04EC0-301F-11D3-BF4B-00C04F79EFBC}") = "WindowsFormsApp1", "WindowsFormsApp1\WindowsFormsApp1.csproj", "{26722B4E-B093-4CFA-B5F0-389AC43C3107}"
EndProject
Project("{FAE04EC0-301F-11D3-BF4B-00C04F79EFBC}") = "Models", "Models\Models.csproj", "{AD080DD5-9A99-410E-9E19-DE2369F241FF}"
EndProject
Project("{FAE04EC0-301F-11D3-BF4B-00C04F79EFBC}") = "DAL", "DAL\DAL.csproj", "{0C51DD08-A601-4836-B38C-2BC4981E51E2}"
EndProject
Project("{FAE04EC0-301F-11D3-BF4B-00C04F79EFBC}") = "BLL", "BLL\BLL.csproj", "{6A2F43D7-B339-4891-A518-AD097750B536}"
EndProject
Global
	GlobalSection(SolutionConfigurationPlatforms) = preSolution
		Debug|Any CPU = Debug|Any CPU
		Release|Any CPU = Release|Any CPU
	EndGlobalSection
	GlobalSection(ProjectConfigurationPlatforms) = postSolution
		{26722B4E-B093-4CFA-B5F0-389AC43C3107}.Debug|Any CPU.ActiveCfg = Debug|Any CPU
		{26722B4E-B093-4CFA-B5F0-389AC43C3107}.Debug|Any CPU.Build.0 = Debug|Any CPU
		{26722B4E-B093-4CFA-B5F0-389AC43C3107}.Release|Any CPU.ActiveCfg = Release|Any CPU
		{26722B4E-B093-4CFA-B5F0-389AC43C3107}.Release|Any CPU.Build.0 = Release|Any CPU
		{AD080DD5-9A99-410E-9E19-DE2369F241FF}.Debug|Any CPU.ActiveCfg = Debug|Any CPU
		{AD080DD5-9A99-410E-9E19-DE2369F241FF}.Debug|Any CPU.Build.0 = Debug|Any CPU
		{AD080DD5-9A99-410E-9E19-DE2369F241FF}.Release|Any CPU.ActiveCfg = Release|Any CPU
		{AD080DD5-9A99-410E-9E19-DE2369F241FF}.Release|Any CPU.Build.0 = Release|Any CPU
		{0C51DD08-A601-4836-B38C-2BC4981E51E2}.Debug|Any CPU.ActiveCfg = Debug|Any CPU
		{0C51DD08-A601-4836-B38C-2BC4981E51E2}.Debug|Any CPU.Build.0 = Debug|Any CPU
		{0C51DD08-A601-4836-B38C-2BC4981E51E2}.Release|Any CPU.ActiveCfg = Release|Any CPU
		{0C51DD08-A601-4836-B38C-2BC4981E51E2}.Release|Any CPU.Build.0 = Release|Any CPU
		{6A2F43D7-B339-4891-A518-AD097750B536}.Debug|Any CPU.ActiveCfg = Debug|Any CPU
		{6A2F43D7-B339-4891-A518-AD097750B536}.Debug|Any CPU.Build.0 = Debug|Any CPU
		{6A2F43D7-B339-4891-A518-AD097750B536}.Release|Any CPU.ActiveCfg = Release|Any CPU
		{6A2F43D7-B339-4891-A518-AD097750B536}.Release|Any CPU.Build.0 = Release|Any CPU
	EndGlobalSection
	GlobalSection(SolutionProperties) = preSolution
		HideSolutionNode = FALSE
	EndGlobalSection
	GlobalSection(ExtensibilityGlobals) = postSolution
		SolutionGuid = {96E89CD7-E31C-4B84-8AA3-3A6ED9612705}
	EndGlobalSection
EndGlobal
